{
    "_meta": {
        "hash": {
            "sha256": "b2b5d935c61973f92653786cce4f6fd45591604555174755c7f363984d329e49"
        },
        "pipfile-spec": 6,
        "requires": {
            "python_version": "3.9"
        },
        "sources": [
            {
                "name": "pypi",
                "url": "https://pypi.org/simple",
                "verify_ssl": true
            }
        ]
    },
    "default": {
        "appdirs": {
            "hashes": [
                "sha256:7d5d0167b2b1ba821647616af46a749d1c653740dd0d2415100fe26e27afdf41",
                "sha256:a841dacd6b99318a741b166adb07e19ee71a274450e68237b4650ca1055ab128"
            ],
            "version": "==1.4.4"
        },
        "attrs": {
            "hashes": [
                "sha256:2d27e3784d7a565d36ab851fe94887c5eccd6a463168875832a1be79c82828b4",
                "sha256:626ba8234211db98e869df76230a137c4c40a12d72445c45d5f5b716f076e2fd"
            ],
            "markers": "python_version >= '2.7' and python_version not in '3.0, 3.1, 3.2, 3.3, 3.4'",
            "version": "==21.4.0"
        },
        "baron": {
            "hashes": [
                "sha256:af822ad44d4eb425c8516df4239ac4fdba9fdb398ef77e4924cd7c9b4045bc2f",
                "sha256:befb33f4b9e832c7cd1e3cf0eafa6dd3cb6ed4cb2544245147c019936f4e0a8a"
            ],
            "version": "==0.10.1"
        },
        "click": {
            "hashes": [
                "sha256:d2b5255c7c6349bc1bd1e59e08cd12acbbd63ce649f2588755783aa94dfb6b1a",
                "sha256:dacca89f4bfadd5de3d7489b7c8a566eee0d3676333fbb50030263894c38c0dc"
            ],
            "markers": "python_version >= '2.7' and python_version not in '3.0, 3.1, 3.2, 3.3, 3.4'",
            "version": "==7.1.2"
        },
        "docutils": {
            "hashes": [
                "sha256:0c5b78adfbf7762415433f5515cd5c9e762339e23369dbe8000d84a4bf4ab3af",
                "sha256:c2de3a60e9e7d07be26b7f2b00ca0309c207e06c100f9cc2a94931fc75a478fc"
            ],
            "index": "pypi",
            "version": "==0.16"
        },
        "markdown": {
            "hashes": [
                "sha256:2e50876bcdd74517e7b71f3e7a76102050edec255b3983403f1a63e7c8a41e7a",
                "sha256:56a46ac655704b91e5b7e6326ce43d5ef72411376588afa1dd90e881b83c7e8c"
            ],
            "index": "pypi",
            "version": "==3.1.1"
        },
        "more-itertools": {
            "hashes": [
                "sha256:43e6dd9942dffd72661a2c4ef383ad7da1e6a3e968a927ad7a6083ab410a688b",
                "sha256:7dc6ad46f05f545f900dd59e8dfb4e84a4827b97b3cfecb175ea0c7d247f6064"
            ],
            "markers": "python_version >= '3.5'",
            "version": "==8.12.0"
        },
        "packaging": {
            "hashes": [
                "sha256:dd47c42927d89ab911e606518907cc2d3a1f38bbd026385970643f9c5b8ecfeb",
                "sha256:ef103e05f519cdc783ae24ea4e2e0f508a9c99b2d4969652eed6a2e1ea5bd522"
            ],
            "markers": "python_version >= '3.6'",
            "version": "==21.3"
        },
        "parso": {
            "hashes": [
                "sha256:1376bdc8cb81377ca481976933773295218a2df47d3e1182ba76d372b1acb128",
                "sha256:597f36de5102a8db05ffdf7ecdc761838b86565a4a111604c6e78beaedf1b045"
            ],
            "index": "pypi",
            "version": "==0.6.0"
        },
        "pluggy": {
            "hashes": [
                "sha256:15b2acde666561e1298d71b523007ed7364de07029219b604cf808bfa1c765b0",
                "sha256:966c145cd83c96502c3c3868f50408687b38434af77734af1e9ca461a4081d2d"
            ],
            "markers": "python_version >= '2.7' and python_version not in '3.0, 3.1, 3.2, 3.3'",
            "version": "==0.13.1"
        },
        "py": {
            "hashes": [
                "sha256:51c75c4126074b472f746a24399ad32f6053d1b34b68d2fa41e558e6f4a98719",
                "sha256:607c53218732647dff4acdfcd50cb62615cedf612e72d1724fb1a0cc6405b378"
            ],
            "markers": "python_version >= '2.7' and python_version not in '3.0, 3.1, 3.2, 3.3, 3.4'",
            "version": "==1.11.0"
        },
        "pyparsing": {
            "hashes": [
                "sha256:7bf433498c016c4314268d95df76c81b842a4cb2b276fa3312cfb1e1d85f6954",
                "sha256:ef7b523f6356f763771559412c0d7134753f037822dad1b16945b7b846f7ad06"
            ],
            "markers": "python_full_version >= '3.6.8'",
            "version": "==3.0.8"
        },
        "pytest": {
            "hashes": [
                "sha256:0d5fe9189a148acc3c3eb2ac8e1ac0742cb7618c084f3d228baaec0c254b318d",
                "sha256:ff615c761e25eb25df19edddc0b970302d2a9091fbce0e7213298d85fb61fef6"
            ],
            "index": "pypi",
            "version": "==5.3.5"
        },
        "pytest-json-report": {
            "hashes": [
                "sha256:08182e00de9eb1735274fe4b91b0cf7314e138c0dac7e4ae424c3ec469787a2b",
                "sha256:628b2a3a8f6edf069bf502ad8f65694ce6f2e4f86e73db442f18122389dafc38"
            ],
            "index": "pypi",
            "version": "==1.2.1"
        },
        "pytest-metadata": {
            "hashes": [
                "sha256:2071a59285de40d7541fde1eb9f1ddea1c9db165882df82781367471238b66ba",
                "sha256:c29a1fb470424926c63154c1b632c02585f2ba4282932058a71d35295ff8c96d"
            ],
            "index": "pypi",
            "version": "==1.8.0"
        },
        "pytest-sugar": {
            "hashes": [
                "sha256:26cf8289fe10880cbbc130bd77398c4e6a8b936d8393b116a5c16121d95ab283",
                "sha256:fcd87a74b2bce5386d244b49ad60549bfbc4602527797fac167da147983f58ab"
            ],
            "index": "pypi",
            "version": "==0.9.2"
        },
        "pyyaml": {
            "hashes": [
                "sha256:059b2ee3194d718896c0ad077dd8c043e5e909d9180f387ce42012662a4946d6",
                "sha256:1cf708e2ac57f3aabc87405f04b86354f66799c8e62c28c5fc5f88b5521b2dbf",
                "sha256:24521fa2890642614558b492b473bee0ac1f8057a7263156b02e8b14c88ce6f5",
                "sha256:4fee71aa5bc6ed9d5f116327c04273e25ae31a3020386916905767ec4fc5317e",
                "sha256:70024e02197337533eef7b85b068212420f950319cc8c580261963aefc75f811",
                "sha256:74782fbd4d4f87ff04159e986886931456a1894c61229be9eaf4de6f6e44b99e",
                "sha256:940532b111b1952befd7db542c370887a8611660d2b9becff75d39355303d82d",
                "sha256:cb1f2f5e426dc9f07a7681419fe39cee823bb74f723f36f70399123f439e9b20",
                "sha256:dbbb2379c19ed6042e8f11f2a2c66d39cceb8aeace421bfc29d085d93eda3689",
                "sha256:e3a057b7a64f1222b56e47bcff5e4b94c4f61faac04c7c4ecb1985e18caa3994",
                "sha256:e9f45bd5b92c7974e59bcd2dcc8631a6b6cc380a904725fce7bc08872e691615"
            ],
            "index": "pypi",
            "version": "==5.3"
        },
        "redbaron": {
            "hashes": [
                "sha256:472d0739ca6b2240bb2278ae428604a75472c9c12e86c6321e8c016139c0132f",
                "sha256:d01032b6a848b5521a8d6ef72486315c2880f420956870cdd742e2b5a09b9bab"
            ],
            "index": "pypi",
            "version": "==0.9.2"
        },
        "rply": {
            "hashes": [
                "sha256:28ffd11d656c48aeb8c508eb382acd6a0bd906662624b34388751732a27807e7",
                "sha256:2a808ac25a4580a9991fc304d64434e299a8fc75760574492f242cbb5bb301c9"
            ],
            "version": "==0.7.8"
        },
        "termcolor": {
            "hashes": [
                "sha256:1d6d69ce66211143803fbc56652b41d73b4a400a2891d7bf7a1cdf4c02de613b"
            ],
            "version": "==1.1.0"
        },
        "typer": {
            "hashes": [
                "sha256:50cbb5659cd359eeae807d970fcb898589529d440c70af126c6ea8425443387d",
                "sha256:ada3c007a2d21cd0006a459670fbc76dde8a3bea10298167f41723f356115a6b"
            ],
            "index": "pypi",
            "version": "==0.0.8"
        },
        "wcwidth": {
            "hashes": [
                "sha256:beb4802a9cebb9144e99086eff703a642a13d6a0052920003a230f3294bbe784",
                "sha256:c4d647b99872929fdb7bdcaa4fbe7f01413ed3d98077df798530e5b04f116c83"
            ],
            "version": "==0.2.5"
        }
    },
    "develop": {}
}
